
Microsoft Visual Studio Solution File, Format Version 12.00
# Visual Studio Version 17
VisualStudioVersion = 17.12.35707.178
MinimumVisualStudioVersion = 10.0.40219.1
Project("{FAE04EC0-301F-11D3-BF4B-00C04F79EFBC}") = "NotificationService.Domain", "NotificationService\NotificationService.Domain\NotificationService.Domain.csproj", "{E6014D62-A9F8-4529-B4C2-4E17DDD64D67}"
EndProject
Project("{FAE04EC0-301F-11D3-BF4B-00C04F79EFBC}") = "NotificationService.Application", "NotificationService\NotificationService.Application\NotificationService.Application.csproj", "{646C5E0F-DA56-42FC-BBF0-D1ACE18FABF6}"
EndProject
Project("{FAE04EC0-301F-11D3-BF4B-00C04F79EFBC}") = "NotificationService.Infrastructure", "NotificationService\NotificationService.Infrastructure\NotificationService.Infrastructure.csproj", "{CDC67D67-FF78-4899-9930-B106F0B6D9F6}"
EndProject
Project("{2150E333-8FDC-42A3-9474-1A3956D46DE8}") = "NotificationsService", "NotificationsService", "{9D3E6D4E-5D6C-414B-A813-9EEDE70F6115}"
EndProject
Project("{2150E333-8FDC-42A3-9474-1A3956D46DE8}") = "UsersService", "UsersService", "{ACD73CEF-2875-4C05-B6BF-40C375024CFC}"
EndProject
Project("{FAE04EC0-301F-11D3-BF4B-00C04F79EFBC}") = "CustomerInventoryServiceApi", "CustomerInventoryService\CustomerInventoryServiceApi.csproj", "{21638C6D-0E55-4361-BE5A-B9B411950E66}"
EndProject
Project("{2150E333-8FDC-42A3-9474-1A3956D46DE8}") = "CustomerService", "CustomerService", "{F3583850-33CB-4EDB-B803-F41DDE5C5B3B}"
EndProject
Project("{FAE04EC0-301F-11D3-BF4B-00C04F79EFBC}") = "CustomerInventoryService.Domain", "CustomerInventoryService\CustomerInventoryService.Domain\CustomerInventoryService.Domain.csproj", "{58BFD0A2-577F-42F8-9B08-7B79666C0630}"
EndProject
Project("{FAE04EC0-301F-11D3-BF4B-00C04F79EFBC}") = "CustomerInventoryService.Application", "CustomerInventoryService\CustomerInventoryService.Application\CustomerInventoryService.Application.csproj", "{B2DA9796-65B9-41E2-A9CB-F9580D66CB80}"
EndProject
Project("{FAE04EC0-301F-11D3-BF4B-00C04F79EFBC}") = "CustomerInventoryService.Infrastructure", "CustomerInventoryService\CustomerInventoryService.Infrastructure\CustomerInventoryService.Infrastructure.csproj", "{8D0616E9-FB16-453B-ACC8-CCAEAD2ED86A}"
EndProject
Project("{2150E333-8FDC-42A3-9474-1A3956D46DE8}") = ".config", ".config", "{D87D5443-46C7-4B26-8113-4DFBEF586719}"
	ProjectSection(SolutionItems) = preProject
		.editorconfig = .editorconfig
		docker-compose.yml = docker-compose.yml
	EndProjectSection
EndProject
Project("{2150E333-8FDC-42A3-9474-1A3956D46DE8}") = "Nugets", "Nugets", "{9D91509D-AC9B-4F83-B2F8-4A2EB668147D}"
EndProject
Project("{2150E333-8FDC-42A3-9474-1A3956D46DE8}") = "Gateway", "Gateway", "{7BCBF762-7E5B-4D0F-B665-1D529441A29C}"
EndProject
Project("{FAE04EC0-301F-11D3-BF4B-00C04F79EFBC}") = "NotificationServiceApi", "NotificationService\NotificationServiceAPI\NotificationServiceApi.csproj", "{1EA8AC9D-E44D-4662-9BF0-1D7ADEE55620}"
EndProject
Project("{FAE04EC0-301F-11D3-BF4B-00C04F79EFBC}") = "UserServiceApi", "UserService\UserManagement\UserServiceApi.csproj", "{CD99B3D3-BF20-426A-89E3-C53E781CF495}"
EndProject
Project("{FAE04EC0-301F-11D3-BF4B-00C04F79EFBC}") = "UserService.Infrastructure", "UserService\UserManagement.Infrastructure\UserService.Infrastructure.csproj", "{62C0E9B2-48C0-4563-A764-25C366DFD52A}"
EndProject
Project("{FAE04EC0-301F-11D3-BF4B-00C04F79EFBC}") = "UserService.Application", "UserService\UserMangement.Application\UserService.Application.csproj", "{B7B2CD47-8DD4-4167-82C3-931F281F338E}"
EndProject
Project("{FAE04EC0-301F-11D3-BF4B-00C04F79EFBC}") = "GatewayApi", "Gateway\GatewayApi.csproj", "{F8941B03-E139-4739-AECA-D1442063BD09}"
EndProject
Project("{FAE04EC0-301F-11D3-BF4B-00C04F79EFBC}") = "Packages.Mediatr", "Nugets\Packages.Mediatr\Packages.Mediatr.csproj", "{7A9CAA8C-7715-4B67-AF8B-5F754E086F71}"
EndProject
Project("{FAE04EC0-301F-11D3-BF4B-00C04F79EFBC}") = "Packages.Messaging.Masstransit", "Nugets\Packages.Messaging.Contracts\Packages.Messaging.Masstransit.csproj", "{72CDA4CC-D46D-4B67-BC9A-2FC43BEE5714}"
EndProject
Project("{FAE04EC0-301F-11D3-BF4B-00C04F79EFBC}") = "Packages.Middlewares", "Nugets\Packages.Middlewares\Packages.Middlewares.csproj", "{4A449BA7-AC78-4B49-B18F-D9EEF692C107}"
EndProject
Project("{FAE04EC0-301F-11D3-BF4B-00C04F79EFBC}") = "Packages.DataAccess", "Nugets\Packages.DataAccess\Packages.DataAccess.csproj", "{5AC5FECA-5476-4E1D-9366-60C9A335987A}"
EndProject
Project("{FAE04EC0-301F-11D3-BF4B-00C04F79EFBC}") = "CustomerInventoryService.Infrastructure.Persistence", "CustomerInventoryService\CustomerInventoryService.Infrastructure.Persistence\CustomerInventoryService.Infrastructure.Persistence.csproj", "{001DFF32-813B-4395-9EB5-54D6D0F2F92B}"
EndProject
Project("{FAE04EC0-301F-11D3-BF4B-00C04F79EFBC}") = "CustomerInventoryService.UnitTests", "CustomerInventoryService\CustomerInventoryService.UnitTests\CustomerInventoryService.UnitTests.csproj", "{9C560FC2-080B-4DD6-81A2-577C15A34877}"
EndProject
Global
	GlobalSection(SolutionConfigurationPlatforms) = preSolution
		Debug|Any CPU = Debug|Any CPU
		Release|Any CPU = Release|Any CPU
	EndGlobalSection
	GlobalSection(ProjectConfigurationPlatforms) = postSolution
		{E6014D62-A9F8-4529-B4C2-4E17DDD64D67}.Debug|Any CPU.ActiveCfg = Debug|Any CPU
		{E6014D62-A9F8-4529-B4C2-4E17DDD64D67}.Debug|Any CPU.Build.0 = Debug|Any CPU
		{E6014D62-A9F8-4529-B4C2-4E17DDD64D67}.Release|Any CPU.ActiveCfg = Release|Any CPU
		{E6014D62-A9F8-4529-B4C2-4E17DDD64D67}.Release|Any CPU.Build.0 = Release|Any CPU
		{646C5E0F-DA56-42FC-BBF0-D1ACE18FABF6}.Debug|Any CPU.ActiveCfg = Debug|Any CPU
		{646C5E0F-DA56-42FC-BBF0-D1ACE18FABF6}.Debug|Any CPU.Build.0 = Debug|Any CPU
		{646C5E0F-DA56-42FC-BBF0-D1ACE18FABF6}.Release|Any CPU.ActiveCfg = Release|Any CPU
		{646C5E0F-DA56-42FC-BBF0-D1ACE18FABF6}.Release|Any CPU.Build.0 = Release|Any CPU
		{CDC67D67-FF78-4899-9930-B106F0B6D9F6}.Debug|Any CPU.ActiveCfg = Debug|Any CPU
		{CDC67D67-FF78-4899-9930-B106F0B6D9F6}.Debug|Any CPU.Build.0 = Debug|Any CPU
		{CDC67D67-FF78-4899-9930-B106F0B6D9F6}.Release|Any CPU.ActiveCfg = Release|Any CPU
		{CDC67D67-FF78-4899-9930-B106F0B6D9F6}.Release|Any CPU.Build.0 = Release|Any CPU
		{21638C6D-0E55-4361-BE5A-B9B411950E66}.Debug|Any CPU.ActiveCfg = Debug|Any CPU
		{21638C6D-0E55-4361-BE5A-B9B411950E66}.Debug|Any CPU.Build.0 = Debug|Any CPU
		{21638C6D-0E55-4361-BE5A-B9B411950E66}.Release|Any CPU.ActiveCfg = Release|Any CPU
		{21638C6D-0E55-4361-BE5A-B9B411950E66}.Release|Any CPU.Build.0 = Release|Any CPU
		{58BFD0A2-577F-42F8-9B08-7B79666C0630}.Debug|Any CPU.ActiveCfg = Debug|Any CPU
		{58BFD0A2-577F-42F8-9B08-7B79666C0630}.Debug|Any CPU.Build.0 = Debug|Any CPU
		{58BFD0A2-577F-42F8-9B08-7B79666C0630}.Release|Any CPU.ActiveCfg = Release|Any CPU
		{58BFD0A2-577F-42F8-9B08-7B79666C0630}.Release|Any CPU.Build.0 = Release|Any CPU
		{B2DA9796-65B9-41E2-A9CB-F9580D66CB80}.Debug|Any CPU.ActiveCfg = Debug|Any CPU
		{B2DA9796-65B9-41E2-A9CB-F9580D66CB80}.Debug|Any CPU.Build.0 = Debug|Any CPU
		{B2DA9796-65B9-41E2-A9CB-F9580D66CB80}.Release|Any CPU.ActiveCfg = Release|Any CPU
		{B2DA9796-65B9-41E2-A9CB-F9580D66CB80}.Release|Any CPU.Build.0 = Release|Any CPU
		{8D0616E9-FB16-453B-ACC8-CCAEAD2ED86A}.Debug|Any CPU.ActiveCfg = Debug|Any CPU
		{8D0616E9-FB16-453B-ACC8-CCAEAD2ED86A}.Debug|Any CPU.Build.0 = Debug|Any CPU
		{8D0616E9-FB16-453B-ACC8-CCAEAD2ED86A}.Release|Any CPU.ActiveCfg = Release|Any CPU
		{8D0616E9-FB16-453B-ACC8-CCAEAD2ED86A}.Release|Any CPU.Build.0 = Release|Any CPU
		{1EA8AC9D-E44D-4662-9BF0-1D7ADEE55620}.Debug|Any CPU.ActiveCfg = Debug|Any CPU
		{1EA8AC9D-E44D-4662-9BF0-1D7ADEE55620}.Debug|Any CPU.Build.0 = Debug|Any CPU
		{1EA8AC9D-E44D-4662-9BF0-1D7ADEE55620}.Release|Any CPU.ActiveCfg = Release|Any CPU
		{1EA8AC9D-E44D-4662-9BF0-1D7ADEE55620}.Release|Any CPU.Build.0 = Release|Any CPU
		{CD99B3D3-BF20-426A-89E3-C53E781CF495}.Debug|Any CPU.ActiveCfg = Debug|Any CPU
		{CD99B3D3-BF20-426A-89E3-C53E781CF495}.Debug|Any CPU.Build.0 = Debug|Any CPU
		{CD99B3D3-BF20-426A-89E3-C53E781CF495}.Release|Any CPU.ActiveCfg = Release|Any CPU
		{CD99B3D3-BF20-426A-89E3-C53E781CF495}.Release|Any CPU.Build.0 = Release|Any CPU
		{62C0E9B2-48C0-4563-A764-25C366DFD52A}.Debug|Any CPU.ActiveCfg = Debug|Any CPU
		{62C0E9B2-48C0-4563-A764-25C366DFD52A}.Debug|Any CPU.Build.0 = Debug|Any CPU
		{62C0E9B2-48C0-4563-A764-25C366DFD52A}.Release|Any CPU.ActiveCfg = Release|Any CPU
		{62C0E9B2-48C0-4563-A764-25C366DFD52A}.Release|Any CPU.Build.0 = Release|Any CPU
		{B7B2CD47-8DD4-4167-82C3-931F281F338E}.Debug|Any CPU.ActiveCfg = Debug|Any CPU
		{B7B2CD47-8DD4-4167-82C3-931F281F338E}.Debug|Any CPU.Build.0 = Debug|Any CPU
		{B7B2CD47-8DD4-4167-82C3-931F281F338E}.Release|Any CPU.ActiveCfg = Release|Any CPU
		{B7B2CD47-8DD4-4167-82C3-931F281F338E}.Release|Any CPU.Build.0 = Release|Any CPU
		{F8941B03-E139-4739-AECA-D1442063BD09}.Debug|Any CPU.ActiveCfg = Debug|Any CPU
		{F8941B03-E139-4739-AECA-D1442063BD09}.Debug|Any CPU.Build.0 = Debug|Any CPU
		{F8941B03-E139-4739-AECA-D1442063BD09}.Release|Any CPU.ActiveCfg = Release|Any CPU
		{F8941B03-E139-4739-AECA-D1442063BD09}.Release|Any CPU.Build.0 = Release|Any CPU
		{7A9CAA8C-7715-4B67-AF8B-5F754E086F71}.Debug|Any CPU.ActiveCfg = Debug|Any CPU
		{7A9CAA8C-7715-4B67-AF8B-5F754E086F71}.Debug|Any CPU.Build.0 = Debug|Any CPU
		{7A9CAA8C-7715-4B67-AF8B-5F754E086F71}.Release|Any CPU.ActiveCfg = Release|Any CPU
		{7A9CAA8C-7715-4B67-AF8B-5F754E086F71}.Release|Any CPU.Build.0 = Release|Any CPU
		{72CDA4CC-D46D-4B67-BC9A-2FC43BEE5714}.Debug|Any CPU.ActiveCfg = Debug|Any CPU
		{72CDA4CC-D46D-4B67-BC9A-2FC43BEE5714}.Debug|Any CPU.Build.0 = Debug|Any CPU
		{72CDA4CC-D46D-4B67-BC9A-2FC43BEE5714}.Release|Any CPU.ActiveCfg = Release|Any CPU
		{72CDA4CC-D46D-4B67-BC9A-2FC43BEE5714}.Release|Any CPU.Build.0 = Release|Any CPU
		{4A449BA7-AC78-4B49-B18F-D9EEF692C107}.Debug|Any CPU.ActiveCfg = Debug|Any CPU
		{4A449BA7-AC78-4B49-B18F-D9EEF692C107}.Debug|Any CPU.Build.0 = Debug|Any CPU
		{4A449BA7-AC78-4B49-B18F-D9EEF692C107}.Release|Any CPU.ActiveCfg = Release|Any CPU
		{4A449BA7-AC78-4B49-B18F-D9EEF692C107}.Release|Any CPU.Build.0 = Release|Any CPU
		{5AC5FECA-5476-4E1D-9366-60C9A335987A}.Debug|Any CPU.ActiveCfg = Debug|Any CPU
		{5AC5FECA-5476-4E1D-9366-60C9A335987A}.Debug|Any CPU.Build.0 = Debug|Any CPU
		{5AC5FECA-5476-4E1D-9366-60C9A335987A}.Release|Any CPU.ActiveCfg = Release|Any CPU
		{5AC5FECA-5476-4E1D-9366-60C9A335987A}.Release|Any CPU.Build.0 = Release|Any CPU
		{001DFF32-813B-4395-9EB5-54D6D0F2F92B}.Debug|Any CPU.ActiveCfg = Debug|Any CPU
		{001DFF32-813B-4395-9EB5-54D6D0F2F92B}.Debug|Any CPU.Build.0 = Debug|Any CPU
		{001DFF32-813B-4395-9EB5-54D6D0F2F92B}.Release|Any CPU.ActiveCfg = Release|Any CPU
		{001DFF32-813B-4395-9EB5-54D6D0F2F92B}.Release|Any CPU.Build.0 = Release|Any CPU
		{9C560FC2-080B-4DD6-81A2-577C15A34877}.Debug|Any CPU.ActiveCfg = Debug|Any CPU
		{9C560FC2-080B-4DD6-81A2-577C15A34877}.Debug|Any CPU.Build.0 = Debug|Any CPU
		{9C560FC2-080B-4DD6-81A2-577C15A34877}.Release|Any CPU.ActiveCfg = Release|Any CPU
		{9C560FC2-080B-4DD6-81A2-577C15A34877}.Release|Any CPU.Build.0 = Release|Any CPU
	EndGlobalSection
	GlobalSection(SolutionProperties) = preSolution
		HideSolutionNode = FALSE
	EndGlobalSection
	GlobalSection(NestedProjects) = preSolution
		{E6014D62-A9F8-4529-B4C2-4E17DDD64D67} = {9D3E6D4E-5D6C-414B-A813-9EEDE70F6115}
		{646C5E0F-DA56-42FC-BBF0-D1ACE18FABF6} = {9D3E6D4E-5D6C-414B-A813-9EEDE70F6115}
		{CDC67D67-FF78-4899-9930-B106F0B6D9F6} = {9D3E6D4E-5D6C-414B-A813-9EEDE70F6115}
		{21638C6D-0E55-4361-BE5A-B9B411950E66} = {F3583850-33CB-4EDB-B803-F41DDE5C5B3B}
		{58BFD0A2-577F-42F8-9B08-7B79666C0630} = {F3583850-33CB-4EDB-B803-F41DDE5C5B3B}
		{B2DA9796-65B9-41E2-A9CB-F9580D66CB80} = {F3583850-33CB-4EDB-B803-F41DDE5C5B3B}
		{8D0616E9-FB16-453B-ACC8-CCAEAD2ED86A} = {F3583850-33CB-4EDB-B803-F41DDE5C5B3B}
		{1EA8AC9D-E44D-4662-9BF0-1D7ADEE55620} = {9D3E6D4E-5D6C-414B-A813-9EEDE70F6115}
		{CD99B3D3-BF20-426A-89E3-C53E781CF495} = {ACD73CEF-2875-4C05-B6BF-40C375024CFC}
		{62C0E9B2-48C0-4563-A764-25C366DFD52A} = {ACD73CEF-2875-4C05-B6BF-40C375024CFC}
		{B7B2CD47-8DD4-4167-82C3-931F281F338E} = {ACD73CEF-2875-4C05-B6BF-40C375024CFC}
		{F8941B03-E139-4739-AECA-D1442063BD09} = {7BCBF762-7E5B-4D0F-B665-1D529441A29C}
		{7A9CAA8C-7715-4B67-AF8B-5F754E086F71} = {9D91509D-AC9B-4F83-B2F8-4A2EB668147D}
		{72CDA4CC-D46D-4B67-BC9A-2FC43BEE5714} = {9D91509D-AC9B-4F83-B2F8-4A2EB668147D}
		{4A449BA7-AC78-4B49-B18F-D9EEF692C107} = {9D91509D-AC9B-4F83-B2F8-4A2EB668147D}
		{5AC5FECA-5476-4E1D-9366-60C9A335987A} = {9D91509D-AC9B-4F83-B2F8-4A2EB668147D}
		{001DFF32-813B-4395-9EB5-54D6D0F2F92B} = {F3583850-33CB-4EDB-B803-F41DDE5C5B3B}
		{9C560FC2-080B-4DD6-81A2-577C15A34877} = {F3583850-33CB-4EDB-B803-F41DDE5C5B3B}
	EndGlobalSection
	GlobalSection(ExtensibilityGlobals) = postSolution
		SolutionGuid = {E77F6FF4-F4FC-4E9C-8572-132E03302BFC}
	EndGlobalSection
EndGlobal
